
Microsoft Visual Studio Solution File, Format Version 12.00
# Visual Studio 2013
VisualStudioVersion = 12.0.40629.0
MinimumVisualStudioVersion = 10.0.40219.1
Project("{FAE04EC0-301F-11D3-BF4B-00C04F79EFBC}") = "ComputerControl", "ComputerControl\ComputerControl.csproj", "{6B4A6C4A-780C-4ABC-BCC3-7CD160AF5B46}"
EndProject
Project("{FAE04EC0-301F-11D3-BF4B-00C04F79EFBC}") = "CC.Metrics", "CC.Metrics\CC.Metrics.csproj", "{42C701D1-1F24-4B87-8087-0D20FBFD01FF}"
EndProject
Project("{FAE04EC0-301F-11D3-BF4B-00C04F79EFBC}") = "CC.Models", "CC.Models\CC.Models.csproj", "{3E331179-4073-4B2A-BC45-2D7B388E238D}"
EndProject
Project("{FAE04EC0-301F-11D3-BF4B-00C04F79EFBC}") = "ComputerControl.Console", "ComputerControl.Console\ComputerControl.Console.csproj", "{BE712E30-6B95-4A85-8A4F-35EBAE4289F4}"
EndProject
Project("{FAE04EC0-301F-11D3-BF4B-00C04F79EFBC}") = "WebSocketServer", "..\CodeSnips\WebSocketServer\WebSocketServer.csproj", "{F6892689-B32F-4ADB-B6E7-144843151EE8}"
EndProject
Project("{FAE04EC0-301F-11D3-BF4B-00C04F79EFBC}") = "CC.Logic", "CC.Logic\CC.Logic.csproj", "{671B36BC-39E6-478E-84AC-EF7F7B038457}"
EndProject
Project("{FAE04EC0-301F-11D3-BF4B-00C04F79EFBC}") = "CC.Web", "CC.Web\CC.Web.csproj", "{8306EC4B-CBBD-4ACA-BB8F-259F51E761CB}"
EndProject
Global
	GlobalSection(SolutionConfigurationPlatforms) = preSolution
		Debug|Any CPU = Debug|Any CPU
		Release|Any CPU = Release|Any CPU
	EndGlobalSection
	GlobalSection(ProjectConfigurationPlatforms) = postSolution
		{6B4A6C4A-780C-4ABC-BCC3-7CD160AF5B46}.Debug|Any CPU.ActiveCfg = Debug|Any CPU
		{6B4A6C4A-780C-4ABC-BCC3-7CD160AF5B46}.Debug|Any CPU.Build.0 = Debug|Any CPU
		{6B4A6C4A-780C-4ABC-BCC3-7CD160AF5B46}.Release|Any CPU.ActiveCfg = Release|Any CPU
		{6B4A6C4A-780C-4ABC-BCC3-7CD160AF5B46}.Release|Any CPU.Build.0 = Release|Any CPU
		{42C701D1-1F24-4B87-8087-0D20FBFD01FF}.Debug|Any CPU.ActiveCfg = Debug|Any CPU
		{42C701D1-1F24-4B87-8087-0D20FBFD01FF}.Debug|Any CPU.Build.0 = Debug|Any CPU
		{42C701D1-1F24-4B87-8087-0D20FBFD01FF}.Release|Any CPU.ActiveCfg = Release|Any CPU
		{42C701D1-1F24-4B87-8087-0D20FBFD01FF}.Release|Any CPU.Build.0 = Release|Any CPU
		{3E331179-4073-4B2A-BC45-2D7B388E238D}.Debug|Any CPU.ActiveCfg = Debug|Any CPU
		{3E331179-4073-4B2A-BC45-2D7B388E238D}.Debug|Any CPU.Build.0 = Debug|Any CPU
		{3E331179-4073-4B2A-BC45-2D7B388E238D}.Release|Any CPU.ActiveCfg = Release|Any CPU
		{3E331179-4073-4B2A-BC45-2D7B388E238D}.Release|Any CPU.Build.0 = Release|Any CPU
		{BE712E30-6B95-4A85-8A4F-35EBAE4289F4}.Debug|Any CPU.ActiveCfg = Debug|Any CPU
		{BE712E30-6B95-4A85-8A4F-35EBAE4289F4}.Debug|Any CPU.Build.0 = Debug|Any CPU
		{BE712E30-6B95-4A85-8A4F-35EBAE4289F4}.Release|Any CPU.ActiveCfg = Release|Any CPU
		{BE712E30-6B95-4A85-8A4F-35EBAE4289F4}.Release|Any CPU.Build.0 = Release|Any CPU
		{F6892689-B32F-4ADB-B6E7-144843151EE8}.Debug|Any CPU.ActiveCfg = Debug|Any CPU
		{F6892689-B32F-4ADB-B6E7-144843151EE8}.Debug|Any CPU.Build.0 = Debug|Any CPU
		{F6892689-B32F-4ADB-B6E7-144843151EE8}.Release|Any CPU.ActiveCfg = Release|Any CPU
		{F6892689-B32F-4ADB-B6E7-144843151EE8}.Release|Any CPU.Build.0 = Release|Any CPU
		{671B36BC-39E6-478E-84AC-EF7F7B038457}.Debug|Any CPU.ActiveCfg = Debug|Any CPU
		{671B36BC-39E6-478E-84AC-EF7F7B038457}.Debug|Any CPU.Build.0 = Debug|Any CPU
		{671B36BC-39E6-478E-84AC-EF7F7B038457}.Release|Any CPU.ActiveCfg = Release|Any CPU
		{671B36BC-39E6-478E-84AC-EF7F7B038457}.Release|Any CPU.Build.0 = Release|Any CPU
		{8306EC4B-CBBD-4ACA-BB8F-259F51E761CB}.Debug|Any CPU.ActiveCfg = Debug|Any CPU
		{8306EC4B-CBBD-4ACA-BB8F-259F51E761CB}.Debug|Any CPU.Build.0 = Debug|Any CPU
		{8306EC4B-CBBD-4ACA-BB8F-259F51E761CB}.Release|Any CPU.ActiveCfg = Release|Any CPU
		{8306EC4B-CBBD-4ACA-BB8F-259F51E761CB}.Release|Any CPU.Build.0 = Release|Any CPU
	EndGlobalSection
	GlobalSection(SolutionProperties) = preSolution
		HideSolutionNode = FALSE
	EndGlobalSection
EndGlobal
